
Microsoft Visual Studio Solution File, Format Version 12.00
# Visual Studio 14
VisualStudioVersion = 14.0.25420.1
MinimumVisualStudioVersion = 10.0.40219.1
Project("{FAE04EC0-301F-11D3-BF4B-00C04F79EFBC}") = "CPS_DATOS", "CPS_DATOS\CPS_DATOS.csproj", "{43139693-1975-4A94-B40B-B924F8F41D63}"
EndProject
Project("{FAE04EC0-301F-11D3-BF4B-00C04F79EFBC}") = "CPS_NEGOCIO", "CPS_NEGOCIO\CPS_NEGOCIO.csproj", "{C0074FE6-607E-4ADE-A8DA-636D1E734A72}"
EndProject
Project("{FAE04EC0-301F-11D3-BF4B-00C04F79EFBC}") = "sotfwar", "sotfwar\sotfwar.csproj", "{629D2B48-6120-4440-AE45-37BF6EFBCB90}"
EndProject
Project("{6141683F-8A12-4E36-9623-2EB02B2C2303}") = "Setup1", "Setup1\Setup1.isproj", "{2B5D88C5-3532-470B-B098-8B8A18931F45}"
	ProjectSection(ProjectDependencies) = postProject
		{629D2B48-6120-4440-AE45-37BF6EFBCB90} = {629D2B48-6120-4440-AE45-37BF6EFBCB90}
		{43139693-1975-4A94-B40B-B924F8F41D63} = {43139693-1975-4A94-B40B-B924F8F41D63}
		{C0074FE6-607E-4ADE-A8DA-636D1E734A72} = {C0074FE6-607E-4ADE-A8DA-636D1E734A72}
	EndProjectSection
EndProject
Global
	GlobalSection(SolutionConfigurationPlatforms) = preSolution
		CD_ROM|Any CPU = CD_ROM|Any CPU
		Debug|Any CPU = Debug|Any CPU
		DVD-5|Any CPU = DVD-5|Any CPU
		Release|Any CPU = Release|Any CPU
		SingleImage|Any CPU = SingleImage|Any CPU
	EndGlobalSection
	GlobalSection(ProjectConfigurationPlatforms) = postSolution
		{43139693-1975-4A94-B40B-B924F8F41D63}.CD_ROM|Any CPU.ActiveCfg = Release|Any CPU
		{43139693-1975-4A94-B40B-B924F8F41D63}.CD_ROM|Any CPU.Build.0 = Release|Any CPU
		{43139693-1975-4A94-B40B-B924F8F41D63}.Debug|Any CPU.ActiveCfg = Debug|Any CPU
		{43139693-1975-4A94-B40B-B924F8F41D63}.Debug|Any CPU.Build.0 = Debug|Any CPU
		{43139693-1975-4A94-B40B-B924F8F41D63}.DVD-5|Any CPU.ActiveCfg = Debug|Any CPU
		{43139693-1975-4A94-B40B-B924F8F41D63}.DVD-5|Any CPU.Build.0 = Debug|Any CPU
		{43139693-1975-4A94-B40B-B924F8F41D63}.Release|Any CPU.ActiveCfg = Release|Any CPU
		{43139693-1975-4A94-B40B-B924F8F41D63}.Release|Any CPU.Build.0 = Release|Any CPU
		{43139693-1975-4A94-B40B-B924F8F41D63}.SingleImage|Any CPU.ActiveCfg = Release|Any CPU
		{43139693-1975-4A94-B40B-B924F8F41D63}.SingleImage|Any CPU.Build.0 = Release|Any CPU
		{C0074FE6-607E-4ADE-A8DA-636D1E734A72}.CD_ROM|Any CPU.ActiveCfg = Release|Any CPU
		{C0074FE6-607E-4ADE-A8DA-636D1E734A72}.CD_ROM|Any CPU.Build.0 = Release|Any CPU
		{C0074FE6-607E-4ADE-A8DA-636D1E734A72}.Debug|Any CPU.ActiveCfg = Debug|Any CPU
		{C0074FE6-607E-4ADE-A8DA-636D1E734A72}.Debug|Any CPU.Build.0 = Debug|Any CPU
		{C0074FE6-607E-4ADE-A8DA-636D1E734A72}.DVD-5|Any CPU.ActiveCfg = Debug|Any CPU
		{C0074FE6-607E-4ADE-A8DA-636D1E734A72}.DVD-5|Any CPU.Build.0 = Debug|Any CPU
		{C0074FE6-607E-4ADE-A8DA-636D1E734A72}.Release|Any CPU.ActiveCfg = Release|Any CPU
		{C0074FE6-607E-4ADE-A8DA-636D1E734A72}.Release|Any CPU.Build.0 = Release|Any CPU
		{C0074FE6-607E-4ADE-A8DA-636D1E734A72}.SingleImage|Any CPU.ActiveCfg = Release|Any CPU
		{C0074FE6-607E-4ADE-A8DA-636D1E734A72}.SingleImage|Any CPU.Build.0 = Release|Any CPU
		{629D2B48-6120-4440-AE45-37BF6EFBCB90}.CD_ROM|Any CPU.ActiveCfg = Release|Any CPU
		{629D2B48-6120-4440-AE45-37BF6EFBCB90}.CD_ROM|Any CPU.Build.0 = Release|Any CPU
		{629D2B48-6120-4440-AE45-37BF6EFBCB90}.Debug|Any CPU.ActiveCfg = Debug|Any CPU
		{629D2B48-6120-4440-AE45-37BF6EFBCB90}.Debug|Any CPU.Build.0 = Debug|Any CPU
		{629D2B48-6120-4440-AE45-37BF6EFBCB90}.DVD-5|Any CPU.ActiveCfg = Debug|Any CPU
		{629D2B48-6120-4440-AE45-37BF6EFBCB90}.DVD-5|Any CPU.Build.0 = Debug|Any CPU
		{629D2B48-6120-4440-AE45-37BF6EFBCB90}.Release|Any CPU.ActiveCfg = Release|Any CPU
		{629D2B48-6120-4440-AE45-37BF6EFBCB90}.Release|Any CPU.Build.0 = Release|Any CPU
		{629D2B48-6120-4440-AE45-37BF6EFBCB90}.SingleImage|Any CPU.ActiveCfg = Release|Any CPU
		{629D2B48-6120-4440-AE45-37BF6EFBCB90}.SingleImage|Any CPU.Build.0 = Release|Any CPU
		{2B5D88C5-3532-470B-B098-8B8A18931F45}.CD_ROM|Any CPU.ActiveCfg = CD_ROM
		{2B5D88C5-3532-470B-B098-8B8A18931F45}.CD_ROM|Any CPU.Build.0 = CD_ROM
		{2B5D88C5-3532-470B-B098-8B8A18931F45}.Debug|Any CPU.ActiveCfg = DVD-5
		{2B5D88C5-3532-470B-B098-8B8A18931F45}.Debug|Any CPU.Build.0 = DVD-5
		{2B5D88C5-3532-470B-B098-8B8A18931F45}.DVD-5|Any CPU.ActiveCfg = DVD-5
		{2B5D88C5-3532-470B-B098-8B8A18931F45}.DVD-5|Any CPU.Build.0 = DVD-5
		{2B5D88C5-3532-470B-B098-8B8A18931F45}.Release|Any CPU.ActiveCfg = SingleImage
		{2B5D88C5-3532-470B-B098-8B8A18931F45}.Release|Any CPU.Build.0 = SingleImage
		{2B5D88C5-3532-470B-B098-8B8A18931F45}.SingleImage|Any CPU.ActiveCfg = SingleImage
		{2B5D88C5-3532-470B-B098-8B8A18931F45}.SingleImage|Any CPU.Build.0 = SingleImage
	EndGlobalSection
	GlobalSection(SolutionProperties) = preSolution
		HideSolutionNode = FALSE
	EndGlobalSection
EndGlobal
